// !$*UTF8*$!
{
	archiveVersion = 1;
	classes = {
	};
	objectVersion = 50;
	objects = {

/* Begin PBXBuildFile section */
		4FAFBE6F236AD80000BD710A /* AppDelegate.swift in Sources */ = {isa = PBXBuildFile; fileRef = 4FAFBE6E236AD80000BD710A /* AppDelegate.swift */; };
		4FAFBE71236AD80000BD710A /* SceneDelegate.swift in Sources */ = {isa = PBXBuildFile; fileRef = 4FAFBE70236AD80000BD710A /* SceneDelegate.swift */; };
		4FAFBE73236AD80000BD710A /* ViewController.swift in Sources */ = {isa = PBXBuildFile; fileRef = 4FAFBE72236AD80000BD710A /* ViewController.swift */; };
		4FAFBE76236AD80000BD710A /* Main.storyboard in Resources */ = {isa = PBXBuildFile; fileRef = 4FAFBE74236AD80000BD710A /* Main.storyboard */; };
		4FAFBE78236AD80200BD710A /* Assets.xcassets in Resources */ = {isa = PBXBuildFile; fileRef = 4FAFBE77236AD80200BD710A /* Assets.xcassets */; };
		4FAFBE7B236AD80200BD710A /* LaunchScreen.storyboard in Resources */ = {isa = PBXBuildFile; fileRef = 4FAFBE79236AD80200BD710A /* LaunchScreen.storyboard */; };
/* End PBXBuildFile section */

/* Begin PBXFileReference section */
		4FAFBE6B236AD7FF00BD710A /* concertlight.app */ = {isa = PBXFileReference; explicitFileType = wrapper.application; includeInIndex = 0; path = concertlight.app; sourceTree = BUILT_PRODUCTS_DIR; };
		4FAFBE6E236AD80000BD710A /* AppDelegate.swift */ = {isa = PBXFileReference; lastKnownFileType = sourcecode.swift; path = AppDelegate.swift; sourceTree = "<group>"; };
		4FAFBE70236AD80000BD710A /* SceneDelegate.swift */ = {isa = PBXFileReference; lastKnownFileType = sourcecode.swift; path = SceneDelegate.swift; sourceTree = "<group>"; };
		4FAFBE72236AD80000BD710A /* ViewController.swift */ = {isa = PBXFileReference; lastKnownFileType = sourcecode.swift; path = ViewController.swift; sourceTree = "<group>"; };
		4FAFBE75236AD80000BD710A /* Base */ = {isa = PBXFileReference; lastKnownFileType = file.storyboard; name = Base; path = Base.lproj/Main.storyboard; sourceTree = "<group>"; };
		4FAFBE77236AD80200BD710A /* Assets.xcassets */ = {isa = PBXFileReference; lastKnownFileType = folder.assetcatalog; path = Assets.xcassets; sourceTree = "<group>"; };
		4FAFBE7A236AD80200BD710A /* Base */ = {isa = PBXFileReference; lastKnownFileType = file.storyboard; name = Base; path = Base.lproj/LaunchScreen.storyboard; sourceTree = "<group>"; };
		4FAFBE7C236AD80200BD710A /* Info.plist */ = {isa = PBXFileReference; lastKnownFileType = text.plist.xml; path = Info.plist; sourceTree = "<group>"; };
/* End PBXFileReference section */

/* Begin PBXFrameworksBuildPhase section */
		4FAFBE68236AD7FF00BD710A /* Frameworks */ = {
			isa = PBXFrameworksBuildPhase;
			buildActionMask = 2147483647;
			files = (
			);
			runOnlyForDeploymentPostprocessing = 0;
		};
/* End PBXFrameworksBuildPhase section */

/* Begin PBXGroup section */
		4FAFBE62236AD7FF00BD710A = {
			isa = PBXGroup;
			children = (
				4FAFBE6D236AD7FF00BD710A /* concertlight */,
				4FAFBE6C236AD7FF00BD710A /* Products */,
			);
			sourceTree = "<group>";
		};
		4FAFBE6C236AD7FF00BD710A /* Products */ = {
			isa = PBXGroup;
			children = (
				4FAFBE6B236AD7FF00BD710A /* concertlight.app */,
			);
			name = Products;
			sourceTree = "<group>";
		};
		4FAFBE6D236AD7FF00BD710A /* concertlight */ = {
			isa = PBXGroup;
			children = (
				4FAFBE6E236AD80000BD710A /* AppDelegate.swift */,
				4FAFBE70236AD80000BD710A /* SceneDelegate.swift */,
				4FAFBE72236AD80000BD710A /* ViewController.swift */,
				4FAFBE74236AD80000BD710A /* Main.storyboard */,
				4FAFBE77236AD80200BD710A /* Assets.xcassets */,
				4FAFBE79236AD80200BD710A /* LaunchScreen.storyboard */,
				4FAFBE7C236AD80200BD710A /* Info.plist */,
			);
			path = concertlight;
			sourceTree = "<group>";
		};
/* End PBXGroup section */

/* Begin PBXNativeTarget section */
		4FAFBE6A236AD7FF00BD710A /* concertlight */ = {
			isa = PBXNativeTarget;
			buildConfigurationList = 4FAFBE7F236AD80200BD710A /* Build configuration list for PBXNativeTarget "concertlight" */;
			buildPhases = (
				4FAFBE67236AD7FF00BD710A /* Sources */,
				4FAFBE68236AD7FF00BD710A /* Frameworks */,
				4FAFBE69236AD7FF00BD710A /* Resources */,
			);
			buildRules = (
			);
			dependencies = (
			);
			name = concertlight;
			productName = concertlight;
			productReference = 4FAFBE6B236AD7FF00BD710A /* concertlight.app */;
			productType = "com.apple.product-type.application";
		};
/* End PBXNativeTarget section */

/* Begin PBXProject section */
		4FAFBE63236AD7FF00BD710A /* Project object */ = {
			isa = PBXProject;
			attributes = {
				LastSwiftUpdateCheck = 1110;
				LastUpgradeCheck = 1110;
				ORGANIZATIONNAME = gwong1si4;
				TargetAttributes = {
					4FAFBE6A236AD7FF00BD710A = {
						CreatedOnToolsVersion = 11.1;
					};
				};
			};
			buildConfigurationList = 4FAFBE66236AD7FF00BD710A /* Build configuration list for PBXProject "concertlight" */;
			compatibilityVersion = "Xcode 9.3";
			developmentRegion = en;
			hasScannedForEncodings = 0;
			knownRegions = (
				en,
				Base,
			);
			mainGroup = 4FAFBE62236AD7FF00BD710A;
			productRefGroup = 4FAFBE6C236AD7FF00BD710A /* Products */;
			projectDirPath = "";
			projectRoot = "";
			targets = (
				4FAFBE6A236AD7FF00BD710A /* concertlight */,
			);
		};
/* End PBXProject section */

/* Begin PBXResourcesBuildPhase section */
		4FAFBE69236AD7FF00BD710A /* Resources */ = {
			isa = PBXResourcesBuildPhase;
			buildActionMask = 2147483647;
			files = (
				4FAFBE7B236AD80200BD710A /* LaunchScreen.storyboard in Resources */,
				4FAFBE78236AD80200BD710A /* Assets.xcassets in Resources */,
				4FAFBE76236AD80000BD710A /* Main.storyboard in Resources */,
			);
			runOnlyForDeploymentPostprocessing = 0;
		};
/* End PBXResourcesBuildPhase section */

/* Begin PBXSourcesBuildPhase section */
		4FAFBE67236AD7FF00BD710A /* Sources */ = {
			isa = PBXSourcesBuildPhase;
			buildActionMask = 2147483647;
			files = (
				4FAFBE73236AD80000BD710A /* ViewController.swift in Sources */,
				4FAFBE6F236AD80000BD710A /* AppDelegate.swift in Sources */,
				4FAFBE71236AD80000BD710A /* SceneDelegate.swift in Sources */,
			);
			runOnlyForDeploymentPostprocessing = 0;
		};
/* End PBXSourcesBuildPhase section */

/* Begin PBXVariantGroup section */
		4FAFBE74236AD80000BD710A /* Main.storyboard */ = {
			isa = PBXVariantGroup;
			children = (
				4FAFBE75236AD80000BD710A /* Base */,
			);
			name = Main.storyboard;
			sourceTree = "<group>";
		};
		4FAFBE79236AD80200BD710A /* LaunchScreen.storyboard */ = {
			isa = PBXVariantGroup;
			children = (
				4FAFBE7A236AD80200BD710A /* Base */,
			);
			name = LaunchScreen.storyboard;
			sourceTree = "<group>";
		};
/* End PBXVariantGroup section */

/* Begin XCBuildConfiguration section */
		4FAFBE7D236AD80200BD710A /* Debug */ = {
			isa = XCBuildConfiguration;
			buildSettings = {
				ALWAYS_SEARCH_USER_PATHS = NO;
				CLANG_ANALYZER_NONNULL = YES;
				CLANG_ANALYZER_NUMBER_OBJECT_CONVERSION = YES_AGGRESSIVE;
				CLANG_CXX_LANGUAGE_STANDARD = "gnu++14";
				CLANG_CXX_LIBRARY = "libc++";
				CLANG_ENABLE_MODULES = YES;
				CLANG_ENABLE_OBJC_ARC = YES;
				CLANG_ENABLE_OBJC_WEAK = YES;
				CLANG_WARN_BLOCK_CAPTURE_AUTORELEASING = YES;
				CLANG_WARN_BOOL_CONVERSION = YES;
				CLANG_WARN_COMMA = YES;
				CLANG_WARN_CONSTANT_CONVERSION = YES;
				CLANG_WARN_DEPRECATED_OBJC_IMPLEMENTATIONS = YES;
				CLANG_WARN_DIRECT_OBJC_ISA_USAGE = YES_ERROR;
				CLANG_WARN_DOCUMENTATION_COMMENTS = YES;
				CLANG_WARN_EMPTY_BODY = YES;
				CLANG_WARN_ENUM_CONVERSION = YES;
				CLANG_WARN_INFINITE_RECURSION = YES;
				CLANG_WARN_INT_CONVERSION = YES;
				CLANG_WARN_NON_LITERAL_NULL_CONVERSION = YES;
				CLANG_WARN_OBJC_IMPLICIT_RETAIN_SELF = YES;
				CLANG_WARN_OBJC_LITERAL_CONVERSION = YES;
				CLANG_WARN_OBJC_ROOT_CLASS = YES_ERROR;
				CLANG_WARN_RANGE_LOOP_ANALYSIS = YES;
				CLANG_WARN_STRICT_PROTOTYPES = YES;
				CLANG_WARN_SUSPICIOUS_MOVE = YES;
				CLANG_WARN_UNGUARDED_AVAILABILITY = YES_AGGRESSIVE;
				CLANG_WARN_UNREACHABLE_CODE = YES;
				CLANG_WARN__DUPLICATE_METHOD_MATCH = YES;
				COPY_PHASE_STRIP = NO;
				DEBUG_INFORMATION_FORMAT = dwarf;
				ENABLE_STRICT_OBJC_MSGSEND = YES;
				ENABLE_TESTABILITY = YES;
				GCC_C_LANGUAGE_STANDARD = gnu11;
				GCC_DYNAMIC_NO_PIC = NO;
				GCC_NO_COMMON_BLOCKS = YES;
				GCC_OPTIMIZATION_LEVEL = 0;
				GCC_PREPROCESSOR_DEFINITIONS = (
					"DEBUG=1",
					"$(inherited)",
				);
				GCC_WARN_64_TO_32_BIT_CONVERSION = YES;
				GCC_WARN_ABOUT_RETURN_TYPE = YES_ERROR;
				GCC_WARN_UNDECLARED_SELECTOR = YES;
				GCC_WARN_UNINITIALIZED_AUTOS = YES_AGGRESSIVE;
				GCC_WARN_UNUSED_FUNCTION = YES;
				GCC_WARN_UNUSED_VARIABLE = YES;
				IPHONEOS_DEPLOYMENT_TARGET = 13.1;
				MTL_ENABLE_DEBUG_INFO = INCLUDE_SOURCE;
				MTL_FAST_MATH = YES;
				ONLY_ACTIVE_ARCH = YES;
				SDKROOT = iphoneos;
				SWIFT_ACTIVE_COMPILATION_CONDITIONS = DEBUG;
				SWIFT_OPTIMIZATION_LEVEL = "-Onone";
			};
			name = Debug;
		};
		4FAFBE7E236AD80200BD710A /* Release */ = {
			isa = XCBuildConfiguration;
			buildSettings = {
				ALWAYS_SEARCH_USER_PATHS = NO;
				CLANG_ANALYZER_NONNULL = YES;
				CLANG_ANALYZER_NUMBER_OBJECT_CONVERSION = YES_AGGRESSIVE;
				CLANG_CXX_LANGUAGE_STANDARD = "gnu++14";
				CLANG_CXX_LIBRARY = "libc++";
				CLANG_ENABLE_MODULES = YES;
				CLANG_ENABLE_OBJC_ARC = YES;
				CLANG_ENABLE_OBJC_WEAK = YES;
				CLANG_WARN_BLOCK_CAPTURE_AUTORELEASING = YES;
				CLANG_WARN_BOOL_CONVERSION = YES;
				CLANG_WARN_COMMA = YES;
				CLANG_WARN_CONSTANT_CONVERSION = YES;
				CLANG_WARN_DEPRECATED_OBJC_IMPLEMENTATIONS = YES;
				CLANG_WARN_DIRECT_OBJC_ISA_USAGE = YES_ERROR;
				CLANG_WARN_DOCUMENTATION_COMMENTS = YES;
				CLANG_WARN_EMPTY_BODY = YES;
				CLANG_WARN_ENUM_CONVERSION = YES;
				CLANG_WARN_INFINITE_RECURSION = YES;
				CLANG_WARN_INT_CONVERSION = YES;
				CLANG_WARN_NON_LITERAL_NULL_CONVERSION = YES;
				CLANG_WARN_OBJC_IMPLICIT_RETAIN_SELF = YES;
				CLANG_WARN_OBJC_LITERAL_CONVERSION = YES;
				CLANG_WARN_OBJC_ROOT_CLASS = YES_ERROR;
				CLANG_WARN_RANGE_LOOP_ANALYSIS = YES;
				CLANG_WARN_STRICT_PROTOTYPES = YES;
				CLANG_WARN_SUSPICIOUS_MOVE = YES;
				CLANG_WARN_UNGUARDED_AVAILABILITY = YES_AGGRESSIVE;
				CLANG_WARN_UNREACHABLE_CODE = YES;
				CLANG_WARN__DUPLICATE_METHOD_MATCH = YES;
				COPY_PHASE_STRIP = NO;
				DEBUG_INFORMATION_FORMAT = "dwarf-with-dsym";
				ENABLE_NS_ASSERTIONS = NO;
				ENABLE_STRICT_OBJC_MSGSEND = YES;
				GCC_C_LANGUAGE_STANDARD = gnu11;
				GCC_NO_COMMON_BLOCKS = YES;
				GCC_WARN_64_TO_32_BIT_CONVERSION = YES;
				GCC_WARN_ABOUT_RETURN_TYPE = YES_ERROR;
				GCC_WARN_UNDECLARED_SELECTOR = YES;
				GCC_WARN_UNINITIALIZED_AUTOS = YES_AGGRESSIVE;
				GCC_WARN_UNUSED_FUNCTION = YES;
				GCC_WARN_UNUSED_VARIABLE = YES;
				IPHONEOS_DEPLOYMENT_TARGET = 13.1;
				MTL_ENABLE_DEBUG_INFO = NO;
				MTL_FAST_MATH = YES;
				SDKROOT = iphoneos;
				SWIFT_COMPILATION_MODE = wholemodule;
				SWIFT_OPTIMIZATION_LEVEL = "-O";
				VALIDATE_PRODUCT = YES;
			};
			name = Release;
		};
		4FAFBE80236AD80200BD710A /* Debug */ = {
			isa = XCBuildConfiguration;
			buildSettings = {
				ASSETCATALOG_COMPILER_APPICON_NAME = AppIcon;
				CODE_SIGN_STYLE = Automatic;
				DEVELOPMENT_TEAM = 5WN7437D7Z;
				INFOPLIST_FILE = concertlight/Info.plist;
				IPHONEOS_DEPLOYMENT_TARGET = 11.0;
				LD_RUNPATH_SEARCH_PATHS = (
					"$(inherited)",
					"@executable_path/Frameworks",
				);
				PRODUCT_BUNDLE_IDENTIFIER = com.gwong1si4.concertlight;
				PRODUCT_NAME = "$(TARGET_NAME)";
				SWIFT_VERSION = 5.0;
				TARGETED_DEVICE_FAMILY = "1,2";
			};
			name = Debug;
		};
		4FAFBE81236AD80200BD710A /* Release */ = {
			isa = XCBuildConfiguration;
			buildSettings = {
				ASSETCATALOG_COMPILER_APPICON_NAME = AppIcon;
				CODE_SIGN_STYLE = Automatic;
				DEVELOPMENT_TEAM = 5WN7437D7Z;
				INFOPLIST_FILE = concertlight/Info.plist;
				IPHONEOS_DEPLOYMENT_TARGET = 11.0;
				LD_RUNPATH_SEARCH_PATHS = (
					"$(inherited)",
					"@executable_path/Frameworks",
				);
				PRODUCT_BUNDLE_IDENTIFIER = com.gwong1si4.concertlight;
				PRODUCT_NAME = "$(TARGET_NAME)";
				SWIFT_VERSION = 5.0;
				TARGETED_DEVICE_FAMILY = "1,2";
			};
			name = Release;
		};
/* End XCBuildConfiguration section */

/* Begin XCConfigurationList section */
		4FAFBE66236AD7FF00BD710A /* Build configuration list for PBXProject "concertlight" */ = {
			isa = XCConfigurationList;
			buildConfigurations = (
				4FAFBE7D236AD80200BD710A /* Debug */,
				4FAFBE7E236AD80200BD710A /* Release */,
			);
			defaultConfigurationIsVisible = 0;
			defaultConfigurationName = Release;
		};
		4FAFBE7F236AD80200BD710A /* Build configuration list for PBXNativeTarget "concertlight" */ = {
			isa = XCConfigurationList;
			buildConfigurations = (
				4FAFBE80236AD80200BD710A /* Debug */,
				4FAFBE81236AD80200BD710A /* Release */,
			);
			defaultConfigurationIsVisible = 0;
			defaultConfigurationName = Release;
		};
/* End XCConfigurationList section */
	};
	rootObject = 4FAFBE63236AD7FF00BD710A /* Project object */;
}
